github.com/AlexandrShapkin/todo-api-lab-go-shared v0.0.1 h1:M08KtDN0dpl6ViQAFKzRL7jlhcQIMXJavmbH2ETIsyc=
github.com/AlexandrShapkin/todo-api-lab-go-shared v0.0.1/go.mod h1:WVQSIufvvn8ETTiqxzuEkHqeqcTt/FuoAEoOsXbBKTY=
github.com/golang-jwt/jwt/v5 v5.3.0 h1:pv4AsKCKKZuqlgs5sUmn4x8UlGa0kEVt/puTpKx9vvo=
github.com/golang-jwt/jwt/v5 v5.3.0/go.mod h1:fxCRLWMO43lRc8nhHWY6LGqRcf+1gQWArsqaEUEa5bE=
github.com/google/uuid v1.6.0 h1:NIvaJDMOsjHA8n1jAhLSgzrAzy1Hgr+hNrb57e+94F0=
github.com/google/uuid v1.6.0/go.mod h1:TIyPZe4MgqvfeYDBFedMoGGpEw/LqOeaOT+nhxU+yHo=
